
Microsoft Visual Studio Solution File, Format Version 12.00
# Visual Studio Version 17
VisualStudioVersion = 17.1.32328.378
MinimumVisualStudioVersion = 10.0.40219.1
Project("{FAE04EC0-301F-11D3-BF4B-00C04F79EFBC}") = "Test", "Test\Test.csproj", "{C6B80FBF-8B2D-47B1-8ABF-F640E6789756}"
EndProject
Project("{FAE04EC0-301F-11D3-BF4B-00C04F79EFBC}") = "Protobuf", "Protobuf\Protobuf.csproj", "{8849AE35-9483-4838-8B91-D0D74A6FB30F}"
EndProject
Global
	GlobalSection(SolutionConfigurationPlatforms) = preSolution
		Debug|Any CPU = Debug|Any CPU
		Release|Any CPU = Release|Any CPU
	EndGlobalSection
	GlobalSection(ProjectConfigurationPlatforms) = postSolution
		{C6B80FBF-8B2D-47B1-8ABF-F640E6789756}.Debug|Any CPU.ActiveCfg = Debug|Any CPU
		{C6B80FBF-8B2D-47B1-8ABF-F640E6789756}.Debug|Any CPU.Build.0 = Debug|Any CPU
		{C6B80FBF-8B2D-47B1-8ABF-F640E6789756}.Release|Any CPU.ActiveCfg = Release|Any CPU
		{C6B80FBF-8B2D-47B1-8ABF-F640E6789756}.Release|Any CPU.Build.0 = Release|Any CPU
		{8849AE35-9483-4838-8B91-D0D74A6FB30F}.Debug|Any CPU.ActiveCfg = Debug|Any CPU
		{8849AE35-9483-4838-8B91-D0D74A6FB30F}.Debug|Any CPU.Build.0 = Debug|Any CPU
		{8849AE35-9483-4838-8B91-D0D74A6FB30F}.Release|Any CPU.ActiveCfg = Release|Any CPU
		{8849AE35-9483-4838-8B91-D0D74A6FB30F}.Release|Any CPU.Build.0 = Release|Any CPU
	EndGlobalSection
	GlobalSection(SolutionProperties) = preSolution
		HideSolutionNode = FALSE
	EndGlobalSection
	GlobalSection(ExtensibilityGlobals) = postSolution
		SolutionGuid = {CAAC967D-EBBB-4F6A-8C0B-CF0970087C92}
	EndGlobalSection
EndGlobal
